// !$*UTF8*$!
{
	archiveVersion = 1;
	classes = {
	};
	objectVersion = 56;
	objects = {

/* Begin PBXBuildFile section */
		4E5C27E72B92430900956DC4 /* RecipeAppTest1App.swift in Sources */ = {isa = PBXBuildFile; fileRef = 4E5C27E62B92430900956DC4 /* RecipeAppTest1App.swift */; };
		4E5C27E92B92430900956DC4 /* ContentView.swift in Sources */ = {isa = PBXBuildFile; fileRef = 4E5C27E82B92430900956DC4 /* ContentView.swift */; };
		4E5C27EB2B92430A00956DC4 /* Assets.xcassets in Resources */ = {isa = PBXBuildFile; fileRef = 4E5C27EA2B92430A00956DC4 /* Assets.xcassets */; };
		4E5C27EE2B92430A00956DC4 /* Preview Assets.xcassets in Resources */ = {isa = PBXBuildFile; fileRef = 4E5C27ED2B92430A00956DC4 /* Preview Assets.xcassets */; };
		4E5C27F62B9243D500956DC4 /* HomeView.swift in Sources */ = {isa = PBXBuildFile; fileRef = 4E5C27F52B9243D500956DC4 /* HomeView.swift */; };
		4E5C27F82B92442900956DC4 /* CategoriesView.swift in Sources */ = {isa = PBXBuildFile; fileRef = 4E5C27F72B92442900956DC4 /* CategoriesView.swift */; };
		4E5C27FA2B92444900956DC4 /* NewRecipeView.swift in Sources */ = {isa = PBXBuildFile; fileRef = 4E5C27F92B92444900956DC4 /* NewRecipeView.swift */; };
		4E5C27FC2B92446300956DC4 /* FavoritesView.swift in Sources */ = {isa = PBXBuildFile; fileRef = 4E5C27FB2B92446300956DC4 /* FavoritesView.swift */; };
		4E5C27FE2B92447100956DC4 /* SettingsView.swift in Sources */ = {isa = PBXBuildFile; fileRef = 4E5C27FD2B92447100956DC4 /* SettingsView.swift */; };
		4E5C28002B9244A900956DC4 /* TabBar.swift in Sources */ = {isa = PBXBuildFile; fileRef = 4E5C27FF2B9244A900956DC4 /* TabBar.swift */; };
		4E5C28032B925B4A00956DC4 /* RecipeModel.swift in Sources */ = {isa = PBXBuildFile; fileRef = 4E5C28022B925B4A00956DC4 /* RecipeModel.swift */; };
		4E5C28072B92674300956DC4 /* RecipeCard.swift in Sources */ = {isa = PBXBuildFile; fileRef = 4E5C28062B92674300956DC4 /* RecipeCard.swift */; };
		4E5C28092B926C8F00956DC4 /* RecipeList.swift in Sources */ = {isa = PBXBuildFile; fileRef = 4E5C28082B926C8F00956DC4 /* RecipeList.swift */; };
		4E5C280C2B92749900956DC4 /* RecipeView.swift in Sources */ = {isa = PBXBuildFile; fileRef = 4E5C280B2B92749900956DC4 /* RecipeView.swift */; };
		4E5C280E2B92866D00956DC4 /* Database.swift in Sources */ = {isa = PBXBuildFile; fileRef = 4E5C280D2B92866D00956DC4 /* Database.swift */; };
		4E5C28102B92879500956DC4 /* RecipeViewModel.swift in Sources */ = {isa = PBXBuildFile; fileRef = 4E5C280F2B92879500956DC4 /* RecipeViewModel.swift */; };
		4E5C28122B933B7500956DC4 /* Favorites.swift in Sources */ = {isa = PBXBuildFile; fileRef = 4E5C28112B933B7500956DC4 /* Favorites.swift */; };
		4E5C28142B93C37A00956DC4 /* ModelData.swift in Sources */ = {isa = PBXBuildFile; fileRef = 4E5C28132B93C37A00956DC4 /* ModelData.swift */; };
		4E5C28162B93C78000956DC4 /* recipesData.json in Resources */ = {isa = PBXBuildFile; fileRef = 4E5C28152B93C78000956DC4 /* recipesData.json */; };
		4E5C281A2B948D5F00956DC4 /* RecipeCategoryList.swift in Sources */ = {isa = PBXBuildFile; fileRef = 4E5C28192B948D5F00956DC4 /* RecipeCategoryList.swift */; };
		4E8DB6B92B9DE07C001EABE4 /* RecipeFavoritesList.swift in Sources */ = {isa = PBXBuildFile; fileRef = 4E8DB6B82B9DE07C001EABE4 /* RecipeFavoritesList.swift */; };
/* End PBXBuildFile section */

/* Begin PBXFileReference section */
		4E5C27E32B92430900956DC4 /* RecipeAppTest1.app */ = {isa = PBXFileReference; explicitFileType = wrapper.application; includeInIndex = 0; path = RecipeAppTest1.app; sourceTree = BUILT_PRODUCTS_DIR; };
		4E5C27E62B92430900956DC4 /* RecipeAppTest1App.swift */ = {isa = PBXFileReference; lastKnownFileType = sourcecode.swift; path = RecipeAppTest1App.swift; sourceTree = "<group>"; };
		4E5C27E82B92430900956DC4 /* ContentView.swift */ = {isa = PBXFileReference; lastKnownFileType = sourcecode.swift; path = ContentView.swift; sourceTree = "<group>"; };
		4E5C27EA2B92430A00956DC4 /* Assets.xcassets */ = {isa = PBXFileReference; lastKnownFileType = folder.assetcatalog; path = Assets.xcassets; sourceTree = "<group>"; };
		4E5C27ED2B92430A00956DC4 /* Preview Assets.xcassets */ = {isa = PBXFileReference; lastKnownFileType = folder.assetcatalog; path = "Preview Assets.xcassets"; sourceTree = "<group>"; };
		4E5C27F52B9243D500956DC4 /* HomeView.swift */ = {isa = PBXFileReference; lastKnownFileType = sourcecode.swift; path = HomeView.swift; sourceTree = "<group>"; };
		4E5C27F72B92442900956DC4 /* CategoriesView.swift */ = {isa = PBXFileReference; lastKnownFileType = sourcecode.swift; path = CategoriesView.swift; sourceTree = "<group>"; };
		4E5C27F92B92444900956DC4 /* NewRecipeView.swift */ = {isa = PBXFileReference; lastKnownFileType = sourcecode.swift; path = NewRecipeView.swift; sourceTree = "<group>"; };
		4E5C27FB2B92446300956DC4 /* FavoritesView.swift */ = {isa = PBXFileReference; lastKnownFileType = sourcecode.swift; path = FavoritesView.swift; sourceTree = "<group>"; };
		4E5C27FD2B92447100956DC4 /* SettingsView.swift */ = {isa = PBXFileReference; lastKnownFileType = sourcecode.swift; path = SettingsView.swift; sourceTree = "<group>"; };
		4E5C27FF2B9244A900956DC4 /* TabBar.swift */ = {isa = PBXFileReference; lastKnownFileType = sourcecode.swift; path = TabBar.swift; sourceTree = "<group>"; };
		4E5C28022B925B4A00956DC4 /* RecipeModel.swift */ = {isa = PBXFileReference; lastKnownFileType = sourcecode.swift; path = RecipeModel.swift; sourceTree = "<group>"; };
		4E5C28062B92674300956DC4 /* RecipeCard.swift */ = {isa = PBXFileReference; lastKnownFileType = sourcecode.swift; path = RecipeCard.swift; sourceTree = "<group>"; };
		4E5C28082B926C8F00956DC4 /* RecipeList.swift */ = {isa = PBXFileReference; lastKnownFileType = sourcecode.swift; path = RecipeList.swift; sourceTree = "<group>"; };
		4E5C280B2B92749900956DC4 /* RecipeView.swift */ = {isa = PBXFileReference; lastKnownFileType = sourcecode.swift; path = RecipeView.swift; sourceTree = "<group>"; };
		4E5C280D2B92866D00956DC4 /* Database.swift */ = {isa = PBXFileReference; lastKnownFileType = sourcecode.swift; path = Database.swift; sourceTree = "<group>"; };
		4E5C280F2B92879500956DC4 /* RecipeViewModel.swift */ = {isa = PBXFileReference; lastKnownFileType = sourcecode.swift; path = RecipeViewModel.swift; sourceTree = "<group>"; };
		4E5C28112B933B7500956DC4 /* Favorites.swift */ = {isa = PBXFileReference; lastKnownFileType = sourcecode.swift; path = Favorites.swift; sourceTree = "<group>"; };
		4E5C28132B93C37A00956DC4 /* ModelData.swift */ = {isa = PBXFileReference; lastKnownFileType = sourcecode.swift; path = ModelData.swift; sourceTree = "<group>"; };
		4E5C28152B93C78000956DC4 /* recipesData.json */ = {isa = PBXFileReference; fileEncoding = 4; lastKnownFileType = text.json; name = recipesData.json; path = Assets.xcassets/recipesData.json; sourceTree = "<group>"; };
		4E5C28192B948D5F00956DC4 /* RecipeCategoryList.swift */ = {isa = PBXFileReference; lastKnownFileType = sourcecode.swift; path = RecipeCategoryList.swift; sourceTree = "<group>"; };
		4E8DB6B82B9DE07C001EABE4 /* RecipeFavoritesList.swift */ = {isa = PBXFileReference; lastKnownFileType = sourcecode.swift; path = RecipeFavoritesList.swift; sourceTree = "<group>"; };
/* End PBXFileReference section */

/* Begin PBXFrameworksBuildPhase section */
		4E5C27E02B92430900956DC4 /* Frameworks */ = {
			isa = PBXFrameworksBuildPhase;
			buildActionMask = 2147483647;
			files = (
			);
			runOnlyForDeploymentPostprocessing = 0;
		};
/* End PBXFrameworksBuildPhase section */

/* Begin PBXGroup section */
		4E5C27DA2B92430900956DC4 = {
			isa = PBXGroup;
			children = (
				4E5C27E52B92430900956DC4 /* RecipeAppTest1 */,
				4E5C27E42B92430900956DC4 /* Products */,
			);
			sourceTree = "<group>";
		};
		4E5C27E42B92430900956DC4 /* Products */ = {
			isa = PBXGroup;
			children = (
				4E5C27E32B92430900956DC4 /* RecipeAppTest1.app */,
			);
			name = Products;
			sourceTree = "<group>";
		};
		4E5C27E52B92430900956DC4 /* RecipeAppTest1 */ = {
			isa = PBXGroup;
			children = (
				4E5C27E62B92430900956DC4 /* RecipeAppTest1App.swift */,
				4E5C28012B925B2400956DC4 /* Models */,
				4E5C27F42B92434200956DC4 /* Views */,
				4E5C28152B93C78000956DC4 /* recipesData.json */,
				4E5C27EA2B92430A00956DC4 /* Assets.xcassets */,
				4E5C27EC2B92430A00956DC4 /* Preview Content */,
			);
			path = RecipeAppTest1;
			sourceTree = "<group>";
		};
		4E5C27EC2B92430A00956DC4 /* Preview Content */ = {
			isa = PBXGroup;
			children = (
				4E5C27ED2B92430A00956DC4 /* Preview Assets.xcassets */,
			);
			path = "Preview Content";
			sourceTree = "<group>";
		};
		4E5C27F42B92434200956DC4 /* Views */ = {
			isa = PBXGroup;
			children = (
				4E5C28042B92671D00956DC4 /* Main */,
				4E5C28052B92672800956DC4 /* Components */,
				4E5C280A2B92746800956DC4 /* Detail */,
			);
			path = Views;
			sourceTree = "<group>";
		};
		4E5C28012B925B2400956DC4 /* Models */ = {
			isa = PBXGroup;
			children = (
				4E5C280D2B92866D00956DC4 /* Database.swift */,
				4E5C28022B925B4A00956DC4 /* RecipeModel.swift */,
				4E5C280F2B92879500956DC4 /* RecipeViewModel.swift */,
				4E5C28112B933B7500956DC4 /* Favorites.swift */,
				4E5C28132B93C37A00956DC4 /* ModelData.swift */,
			);
			path = Models;
			sourceTree = "<group>";
		};
		4E5C28042B92671D00956DC4 /* Main */ = {
			isa = PBXGroup;
			children = (
				4E5C27E82B92430900956DC4 /* ContentView.swift */,
				4E5C27F52B9243D500956DC4 /* HomeView.swift */,
				4E5C27F72B92442900956DC4 /* CategoriesView.swift */,
				4E5C27F92B92444900956DC4 /* NewRecipeView.swift */,
				4E5C27FB2B92446300956DC4 /* FavoritesView.swift */,
				4E5C27FD2B92447100956DC4 /* SettingsView.swift */,
				4E5C27FF2B9244A900956DC4 /* TabBar.swift */,
			);
			path = Main;
			sourceTree = "<group>";
		};
		4E5C28052B92672800956DC4 /* Components */ = {
			isa = PBXGroup;
			children = (
				4E5C28062B92674300956DC4 /* RecipeCard.swift */,
				4E5C28082B926C8F00956DC4 /* RecipeList.swift */,
				4E5C28192B948D5F00956DC4 /* RecipeCategoryList.swift */,
				4E8DB6B82B9DE07C001EABE4 /* RecipeFavoritesList.swift */,
			);
			path = Components;
			sourceTree = "<group>";
		};
		4E5C280A2B92746800956DC4 /* Detail */ = {
			isa = PBXGroup;
			children = (
				4E5C280B2B92749900956DC4 /* RecipeView.swift */,
			);
			path = Detail;
			sourceTree = "<group>";
		};
/* End PBXGroup section */

/* Begin PBXNativeTarget section */
		4E5C27E22B92430900956DC4 /* RecipeAppTest1 */ = {
			isa = PBXNativeTarget;
			buildConfigurationList = 4E5C27F12B92430A00956DC4 /* Build configuration list for PBXNativeTarget "RecipeAppTest1" */;
			buildPhases = (
				4E5C27DF2B92430900956DC4 /* Sources */,
				4E5C27E02B92430900956DC4 /* Frameworks */,
				4E5C27E12B92430900956DC4 /* Resources */,
			);
			buildRules = (
			);
			dependencies = (
			);
			name = RecipeAppTest1;
			productName = RecipeAppTest1;
			productReference = 4E5C27E32B92430900956DC4 /* RecipeAppTest1.app */;
			productType = "com.apple.product-type.application";
		};
/* End PBXNativeTarget section */

/* Begin PBXProject section */
		4E5C27DB2B92430900956DC4 /* Project object */ = {
			isa = PBXProject;
			attributes = {
				BuildIndependentTargetsInParallel = 1;
				LastSwiftUpdateCheck = 1500;
				LastUpgradeCheck = 1500;
				TargetAttributes = {
					4E5C27E22B92430900956DC4 = {
						CreatedOnToolsVersion = 15.0.1;
					};
				};
			};
			buildConfigurationList = 4E5C27DE2B92430900956DC4 /* Build configuration list for PBXProject "RecipeAppTest1" */;
			compatibilityVersion = "Xcode 14.0";
			developmentRegion = en;
			hasScannedForEncodings = 0;
			knownRegions = (
				en,
				Base,
			);
			mainGroup = 4E5C27DA2B92430900956DC4;
			productRefGroup = 4E5C27E42B92430900956DC4 /* Products */;
			projectDirPath = "";
			projectRoot = "";
			targets = (
				4E5C27E22B92430900956DC4 /* RecipeAppTest1 */,
			);
		};
/* End PBXProject section */

/* Begin PBXResourcesBuildPhase section */
		4E5C27E12B92430900956DC4 /* Resources */ = {
			isa = PBXResourcesBuildPhase;
			buildActionMask = 2147483647;
			files = (
				4E5C27EE2B92430A00956DC4 /* Preview Assets.xcassets in Resources */,
				4E5C27EB2B92430A00956DC4 /* Assets.xcassets in Resources */,
				4E5C28162B93C78000956DC4 /* recipesData.json in Resources */,
			);
			runOnlyForDeploymentPostprocessing = 0;
		};
/* End PBXResourcesBuildPhase section */

/* Begin PBXSourcesBuildPhase section */
		4E5C27DF2B92430900956DC4 /* Sources */ = {
			isa = PBXSourcesBuildPhase;
			buildActionMask = 2147483647;
			files = (
				4E5C27FE2B92447100956DC4 /* SettingsView.swift in Sources */,
				4E5C28072B92674300956DC4 /* RecipeCard.swift in Sources */,
				4E5C27F62B9243D500956DC4 /* HomeView.swift in Sources */,
				4E5C28122B933B7500956DC4 /* Favorites.swift in Sources */,
				4E5C27FA2B92444900956DC4 /* NewRecipeView.swift in Sources */,
				4E5C28142B93C37A00956DC4 /* ModelData.swift in Sources */,
				4E5C28002B9244A900956DC4 /* TabBar.swift in Sources */,
				4E5C27FC2B92446300956DC4 /* FavoritesView.swift in Sources */,
				4E5C280C2B92749900956DC4 /* RecipeView.swift in Sources */,
				4E5C28092B926C8F00956DC4 /* RecipeList.swift in Sources */,
				4E5C27F82B92442900956DC4 /* CategoriesView.swift in Sources */,
				4E8DB6B92B9DE07C001EABE4 /* RecipeFavoritesList.swift in Sources */,
				4E5C281A2B948D5F00956DC4 /* RecipeCategoryList.swift in Sources */,
				4E5C27E92B92430900956DC4 /* ContentView.swift in Sources */,
				4E5C28102B92879500956DC4 /* RecipeViewModel.swift in Sources */,
				4E5C27E72B92430900956DC4 /* RecipeAppTest1App.swift in Sources */,
				4E5C280E2B92866D00956DC4 /* Database.swift in Sources */,
				4E5C28032B925B4A00956DC4 /* RecipeModel.swift in Sources */,
			);
			runOnlyForDeploymentPostprocessing = 0;
		};
/* End PBXSourcesBuildPhase section */

/* Begin XCBuildConfiguration section */
		4E5C27EF2B92430A00956DC4 /* Debug */ = {
			isa = XCBuildConfiguration;
			buildSettings = {
				ALWAYS_SEARCH_USER_PATHS = NO;
				ASSETCATALOG_COMPILER_GENERATE_SWIFT_ASSET_SYMBOL_EXTENSIONS = YES;
				CLANG_ANALYZER_NONNULL = YES;
				CLANG_ANALYZER_NUMBER_OBJECT_CONVERSION = YES_AGGRESSIVE;
				CLANG_CXX_LANGUAGE_STANDARD = "gnu++20";
				CLANG_ENABLE_MODULES = YES;
				CLANG_ENABLE_OBJC_ARC = YES;
				CLANG_ENABLE_OBJC_WEAK = YES;
				CLANG_WARN_BLOCK_CAPTURE_AUTORELEASING = YES;
				CLANG_WARN_BOOL_CONVERSION = YES;
				CLANG_WARN_COMMA = YES;
				CLANG_WARN_CONSTANT_CONVERSION = YES;
				CLANG_WARN_DEPRECATED_OBJC_IMPLEMENTATIONS = YES;
				CLANG_WARN_DIRECT_OBJC_ISA_USAGE = YES_ERROR;
				CLANG_WARN_DOCUMENTATION_COMMENTS = YES;
				CLANG_WARN_EMPTY_BODY = YES;
				CLANG_WARN_ENUM_CONVERSION = YES;
				CLANG_WARN_INFINITE_RECURSION = YES;
				CLANG_WARN_INT_CONVERSION = YES;
				CLANG_WARN_NON_LITERAL_NULL_CONVERSION = YES;
				CLANG_WARN_OBJC_IMPLICIT_RETAIN_SELF = YES;
				CLANG_WARN_OBJC_LITERAL_CONVERSION = YES;
				CLANG_WARN_OBJC_ROOT_CLASS = YES_ERROR;
				CLANG_WARN_QUOTED_INCLUDE_IN_FRAMEWORK_HEADER = YES;
				CLANG_WARN_RANGE_LOOP_ANALYSIS = YES;
				CLANG_WARN_STRICT_PROTOTYPES = YES;
				CLANG_WARN_SUSPICIOUS_MOVE = YES;
				CLANG_WARN_UNGUARDED_AVAILABILITY = YES_AGGRESSIVE;
				CLANG_WARN_UNREACHABLE_CODE = YES;
				CLANG_WARN__DUPLICATE_METHOD_MATCH = YES;
				COPY_PHASE_STRIP = NO;
				DEBUG_INFORMATION_FORMAT = dwarf;
				ENABLE_STRICT_OBJC_MSGSEND = YES;
				ENABLE_TESTABILITY = YES;
				ENABLE_USER_SCRIPT_SANDBOXING = YES;
				GCC_C_LANGUAGE_STANDARD = gnu17;
				GCC_DYNAMIC_NO_PIC = NO;
				GCC_NO_COMMON_BLOCKS = YES;
				GCC_OPTIMIZATION_LEVEL = 0;
				GCC_PREPROCESSOR_DEFINITIONS = (
					"DEBUG=1",
					"$(inherited)",
				);
				GCC_WARN_64_TO_32_BIT_CONVERSION = YES;
				GCC_WARN_ABOUT_RETURN_TYPE = YES_ERROR;
				GCC_WARN_UNDECLARED_SELECTOR = YES;
				GCC_WARN_UNINITIALIZED_AUTOS = YES_AGGRESSIVE;
				GCC_WARN_UNUSED_FUNCTION = YES;
				GCC_WARN_UNUSED_VARIABLE = YES;
				IPHONEOS_DEPLOYMENT_TARGET = 17.0;
				LOCALIZATION_PREFERS_STRING_CATALOGS = YES;
				MTL_ENABLE_DEBUG_INFO = INCLUDE_SOURCE;
				MTL_FAST_MATH = YES;
				ONLY_ACTIVE_ARCH = YES;
				SDKROOT = iphoneos;
				SWIFT_ACTIVE_COMPILATION_CONDITIONS = "DEBUG $(inherited)";
				SWIFT_OPTIMIZATION_LEVEL = "-Onone";
			};
			name = Debug;
		};
		4E5C27F02B92430A00956DC4 /* Release */ = {
			isa = XCBuildConfiguration;
			buildSettings = {
				ALWAYS_SEARCH_USER_PATHS = NO;
				ASSETCATALOG_COMPILER_GENERATE_SWIFT_ASSET_SYMBOL_EXTENSIONS = YES;
				CLANG_ANALYZER_NONNULL = YES;
				CLANG_ANALYZER_NUMBER_OBJECT_CONVERSION = YES_AGGRESSIVE;
				CLANG_CXX_LANGUAGE_STANDARD = "gnu++20";
				CLANG_ENABLE_MODULES = YES;
				CLANG_ENABLE_OBJC_ARC = YES;
				CLANG_ENABLE_OBJC_WEAK = YES;
				CLANG_WARN_BLOCK_CAPTURE_AUTORELEASING = YES;
				CLANG_WARN_BOOL_CONVERSION = YES;
				CLANG_WARN_COMMA = YES;
				CLANG_WARN_CONSTANT_CONVERSION = YES;
				CLANG_WARN_DEPRECATED_OBJC_IMPLEMENTATIONS = YES;
				CLANG_WARN_DIRECT_OBJC_ISA_USAGE = YES_ERROR;
				CLANG_WARN_DOCUMENTATION_COMMENTS = YES;
				CLANG_WARN_EMPTY_BODY = YES;
				CLANG_WARN_ENUM_CONVERSION = YES;
				CLANG_WARN_INFINITE_RECURSION = YES;
				CLANG_WARN_INT_CONVERSION = YES;
				CLANG_WARN_NON_LITERAL_NULL_CONVERSION = YES;
				CLANG_WARN_OBJC_IMPLICIT_RETAIN_SELF = YES;
				CLANG_WARN_OBJC_LITERAL_CONVERSION = YES;
				CLANG_WARN_OBJC_ROOT_CLASS = YES_ERROR;
				CLANG_WARN_QUOTED_INCLUDE_IN_FRAMEWORK_HEADER = YES;
				CLANG_WARN_RANGE_LOOP_ANALYSIS = YES;
				CLANG_WARN_STRICT_PROTOTYPES = YES;
				CLANG_WARN_SUSPICIOUS_MOVE = YES;
				CLANG_WARN_UNGUARDED_AVAILABILITY = YES_AGGRESSIVE;
				CLANG_WARN_UNREACHABLE_CODE = YES;
				CLANG_WARN__DUPLICATE_METHOD_MATCH = YES;
				COPY_PHASE_STRIP = NO;
				DEBUG_INFORMATION_FORMAT = "dwarf-with-dsym";
				ENABLE_NS_ASSERTIONS = NO;
				ENABLE_STRICT_OBJC_MSGSEND = YES;
				ENABLE_USER_SCRIPT_SANDBOXING = YES;
				GCC_C_LANGUAGE_STANDARD = gnu17;
				GCC_NO_COMMON_BLOCKS = YES;
				GCC_WARN_64_TO_32_BIT_CONVERSION = YES;
				GCC_WARN_ABOUT_RETURN_TYPE = YES_ERROR;
				GCC_WARN_UNDECLARED_SELECTOR = YES;
				GCC_WARN_UNINITIALIZED_AUTOS = YES_AGGRESSIVE;
				GCC_WARN_UNUSED_FUNCTION = YES;
				GCC_WARN_UNUSED_VARIABLE = YES;
				IPHONEOS_DEPLOYMENT_TARGET = 17.0;
				LOCALIZATION_PREFERS_STRING_CATALOGS = YES;
				MTL_ENABLE_DEBUG_INFO = NO;
				MTL_FAST_MATH = YES;
				SDKROOT = iphoneos;
				SWIFT_COMPILATION_MODE = wholemodule;
				VALIDATE_PRODUCT = YES;
			};
			name = Release;
		};
		4E5C27F22B92430A00956DC4 /* Debug */ = {
			isa = XCBuildConfiguration;
			buildSettings = {
				ASSETCATALOG_COMPILER_APPICON_NAME = AppIcon;
				ASSETCATALOG_COMPILER_GLOBAL_ACCENT_COLOR_NAME = AccentColor;
				CODE_SIGN_STYLE = Automatic;
				CURRENT_PROJECT_VERSION = 1;
				DEVELOPMENT_ASSET_PATHS = "\"RecipeAppTest1/Preview Content\"";
				DEVELOPMENT_TEAM = HFYWF63JZK;
				ENABLE_PREVIEWS = YES;
				GENERATE_INFOPLIST_FILE = YES;
				INFOPLIST_KEY_UIApplicationSceneManifest_Generation = YES;
				INFOPLIST_KEY_UIApplicationSupportsIndirectInputEvents = YES;
				INFOPLIST_KEY_UILaunchScreen_Generation = YES;
				INFOPLIST_KEY_UISupportedInterfaceOrientations_iPad = "UIInterfaceOrientationPortrait UIInterfaceOrientationPortraitUpsideDown UIInterfaceOrientationLandscapeLeft UIInterfaceOrientationLandscapeRight";
				INFOPLIST_KEY_UISupportedInterfaceOrientations_iPhone = "UIInterfaceOrientationPortrait UIInterfaceOrientationLandscapeLeft UIInterfaceOrientationLandscapeRight";
				LD_RUNPATH_SEARCH_PATHS = (
					"$(inherited)",
					"@executable_path/Frameworks",
				);
				MARKETING_VERSION = 1.0;
				PRODUCT_BUNDLE_IDENTIFIER = com.penguincodingschool.penguin100.RecipeAppTest1;
				PRODUCT_NAME = "$(TARGET_NAME)";
				SWIFT_EMIT_LOC_STRINGS = YES;
				SWIFT_VERSION = 5.0;
				TARGETED_DEVICE_FAMILY = "1,2";
			};
			name = Debug;
		};
		4E5C27F32B92430A00956DC4 /* Release */ = {
			isa = XCBuildConfiguration;
			buildSettings = {
				ASSETCATALOG_COMPILER_APPICON_NAME = AppIcon;
				ASSETCATALOG_COMPILER_GLOBAL_ACCENT_COLOR_NAME = AccentColor;
				CODE_SIGN_STYLE = Automatic;
				CURRENT_PROJECT_VERSION = 1;
				DEVELOPMENT_ASSET_PATHS = "\"RecipeAppTest1/Preview Content\"";
				DEVELOPMENT_TEAM = HFYWF63JZK;
				ENABLE_PREVIEWS = YES;
				GENERATE_INFOPLIST_FILE = YES;
				INFOPLIST_KEY_UIApplicationSceneManifest_Generation = YES;
				INFOPLIST_KEY_UIApplicationSupportsIndirectInputEvents = YES;
				INFOPLIST_KEY_UILaunchScreen_Generation = YES;
				INFOPLIST_KEY_UISupportedInterfaceOrientations_iPad = "UIInterfaceOrientationPortrait UIInterfaceOrientationPortraitUpsideDown UIInterfaceOrientationLandscapeLeft UIInterfaceOrientationLandscapeRight";
				INFOPLIST_KEY_UISupportedInterfaceOrientations_iPhone = "UIInterfaceOrientationPortrait UIInterfaceOrientationLandscapeLeft UIInterfaceOrientationLandscapeRight";
				LD_RUNPATH_SEARCH_PATHS = (
					"$(inherited)",
					"@executable_path/Frameworks",
				);
				MARKETING_VERSION = 1.0;
				PRODUCT_BUNDLE_IDENTIFIER = com.penguincodingschool.penguin100.RecipeAppTest1;
				PRODUCT_NAME = "$(TARGET_NAME)";
				SWIFT_EMIT_LOC_STRINGS = YES;
				SWIFT_VERSION = 5.0;
				TARGETED_DEVICE_FAMILY = "1,2";
			};
			name = Release;
		};
/* End XCBuildConfiguration section */

/* Begin XCConfigurationList section */
		4E5C27DE2B92430900956DC4 /* Build configuration list for PBXProject "RecipeAppTest1" */ = {
			isa = XCConfigurationList;
			buildConfigurations = (
				4E5C27EF2B92430A00956DC4 /* Debug */,
				4E5C27F02B92430A00956DC4 /* Release */,
			);
			defaultConfigurationIsVisible = 0;
			defaultConfigurationName = Release;
		};
		4E5C27F12B92430A00956DC4 /* Build configuration list for PBXNativeTarget "RecipeAppTest1" */ = {
			isa = XCConfigurationList;
			buildConfigurations = (
				4E5C27F22B92430A00956DC4 /* Debug */,
				4E5C27F32B92430A00956DC4 /* Release */,
			);
			defaultConfigurationIsVisible = 0;
			defaultConfigurationName = Release;
		};
/* End XCConfigurationList section */
	};
	rootObject = 4E5C27DB2B92430900956DC4 /* Project object */;
}
